
Microsoft Visual Studio Solution File, Format Version 12.00
# Visual Studio 14
VisualStudioVersion = 14.0.23107.0
MinimumVisualStudioVersion = 10.0.40219.1
Project("{FAE04EC0-301F-11D3-BF4B-00C04F79EFBC}") = "WilJoey.LandMerger", "WilJoey.LandMerger\WilJoey.LandMerger.csproj", "{875EEC9D-A80C-4751-A7D5-C6F19BEBE074}"
EndProject
Project("{FAE04EC0-301F-11D3-BF4B-00C04F79EFBC}") = "WilJoey.LandMerger.Core", "WilJoey.LandMerger.Core\WilJoey.LandMerger.Core.csproj", "{EAA29EBF-E099-46F8-9D21-F03A3D2B5487}"
EndProject
Project("{FAE04EC0-301F-11D3-BF4B-00C04F79EFBC}") = "WilJoey.LandMerger.CoreTests", "WilJoey.LandMerger.CoreTests\WilJoey.LandMerger.CoreTests.csproj", "{74BA368B-085E-4AF6-A941-44E2A8AB38A7}"
EndProject
Global
	GlobalSection(SolutionConfigurationPlatforms) = preSolution
		Debug|Any CPU = Debug|Any CPU
		Release|Any CPU = Release|Any CPU
	EndGlobalSection
	GlobalSection(ProjectConfigurationPlatforms) = postSolution
		{875EEC9D-A80C-4751-A7D5-C6F19BEBE074}.Debug|Any CPU.ActiveCfg = Debug|Any CPU
		{875EEC9D-A80C-4751-A7D5-C6F19BEBE074}.Debug|Any CPU.Build.0 = Debug|Any CPU
		{875EEC9D-A80C-4751-A7D5-C6F19BEBE074}.Release|Any CPU.ActiveCfg = Release|Any CPU
		{875EEC9D-A80C-4751-A7D5-C6F19BEBE074}.Release|Any CPU.Build.0 = Release|Any CPU
		{EAA29EBF-E099-46F8-9D21-F03A3D2B5487}.Debug|Any CPU.ActiveCfg = Debug|Any CPU
		{EAA29EBF-E099-46F8-9D21-F03A3D2B5487}.Debug|Any CPU.Build.0 = Debug|Any CPU
		{EAA29EBF-E099-46F8-9D21-F03A3D2B5487}.Release|Any CPU.ActiveCfg = Release|Any CPU
		{EAA29EBF-E099-46F8-9D21-F03A3D2B5487}.Release|Any CPU.Build.0 = Release|Any CPU
		{74BA368B-085E-4AF6-A941-44E2A8AB38A7}.Debug|Any CPU.ActiveCfg = Debug|Any CPU
		{74BA368B-085E-4AF6-A941-44E2A8AB38A7}.Debug|Any CPU.Build.0 = Debug|Any CPU
		{74BA368B-085E-4AF6-A941-44E2A8AB38A7}.Release|Any CPU.ActiveCfg = Release|Any CPU
		{74BA368B-085E-4AF6-A941-44E2A8AB38A7}.Release|Any CPU.Build.0 = Release|Any CPU
	EndGlobalSection
	GlobalSection(SolutionProperties) = preSolution
		HideSolutionNode = FALSE
	EndGlobalSection
EndGlobal
